
Microsoft Visual Studio Solution File, Format Version 12.00
# Visual Studio Version 16
VisualStudioVersion = 16.0.30717.126
MinimumVisualStudioVersion = 10.0.40219.1
Project("{FAE04EC0-301F-11D3-BF4B-00C04F79EFBC}") = "WX.Api", "WX.Api\WX.Api.csproj", "{5A6B2B98-4657-4726-B9F1-51EF6E651A22}"
EndProject
Global
	GlobalSection(SolutionConfigurationPlatforms) = preSolution
		Debug|Any CPU = Debug|Any CPU
		Release|Any CPU = Release|Any CPU
	EndGlobalSection
	GlobalSection(ProjectConfigurationPlatforms) = postSolution
		{5A6B2B98-4657-4726-B9F1-51EF6E651A22}.Debug|Any CPU.ActiveCfg = Debug|Any CPU
		{5A6B2B98-4657-4726-B9F1-51EF6E651A22}.Debug|Any CPU.Build.0 = Debug|Any CPU
		{5A6B2B98-4657-4726-B9F1-51EF6E651A22}.Release|Any CPU.ActiveCfg = Release|Any CPU
		{5A6B2B98-4657-4726-B9F1-51EF6E651A22}.Release|Any CPU.Build.0 = Release|Any CPU
	EndGlobalSection
	GlobalSection(SolutionProperties) = preSolution
		HideSolutionNode = FALSE
	EndGlobalSection
	GlobalSection(ExtensibilityGlobals) = postSolution
		SolutionGuid = {027B5CBD-B9B0-4F64-B479-6B48E61B94D0}
	EndGlobalSection
EndGlobal
